# THIS IS AN AUTOGENERATED FILE. DO NOT EDIT THIS FILE DIRECTLY.
# yarn lockfile v1


foundation-sites@^6.3.1:
  version "6.3.1"
  resolved "https://registry.yarnpkg.com/foundation-sites/-/foundation-sites-6.3.1.tgz#23853372deb9480c13b426499eaf0c8f90cdbe1d"
  dependencies:
    jquery ">=2.2.0"
    what-input "^4.0.3"

jquery@>=2.2.0:
  version "3.2.1"
  resolved "https://registry.yarnpkg.com/jquery/-/jquery-3.2.1.tgz#5c4d9de652af6cd0a770154a631bba12b015c787"

jquery@^2.2.0:
  version "2.2.4"
  resolved "https://registry.yarnpkg.com/jquery/-/jquery-2.2.4.tgz#2c89d6889b5eac522a7eea32c14521559c6cbf02"

motion-ui@^1.2.2:
  version "1.2.2"
  resolved "https://registry.yarnpkg.com/motion-ui/-/motion-ui-1.2.2.tgz#ee13bdc498c9d691f0d2907114afd8b0d7a76b2f"
  dependencies:
    jquery "^2.2.0"

what-input@^4.0.3:
  version "4.1.1"
  resolved "https://registry.yarnpkg.com/what-input/-/what-input-4.1.1.tgz#475ef53c4503bd13ac145e38ed7105a67eb69d79"
